
Microsoft Visual Studio Solution File, Format Version 12.00
# Visual Studio Version 16
VisualStudioVersion = 16.0.30320.27
MinimumVisualStudioVersion = 10.0.40219.1
Project("{9A19103F-16F7-4668-BE54-9A1E7A4F7556}") = "WebAppCore", "WebAppCore\WebAppCore.csproj", "{DF4C3EC2-226F-4B86-A234-AE77D068EB2C}"
EndProject
Project("{2150E333-8FDC-42A3-9474-1A3956D46DE8}") = "Solution Items", "Solution Items", "{F2DD8827-A8D0-4E64-962D-2AD066F9443C}"
	ProjectSection(SolutionItems) = preProject
		Readme.md = Readme.md
	EndProjectSection
EndProject
Project("{FAE04EC0-301F-11D3-BF4B-00C04F79EFBC}") = "Data", "Data\Data.csproj", "{8540DEA3-2BF1-439D-BEA9-C6F90600189E}"
EndProject
Project("{FAE04EC0-301F-11D3-BF4B-00C04F79EFBC}") = "Application", "Application\Application.csproj", "{B651C163-8C50-426C-A863-A284116D41F5}"
EndProject
Global
	GlobalSection(SolutionConfigurationPlatforms) = preSolution
		Debug|Any CPU = Debug|Any CPU
		Release|Any CPU = Release|Any CPU
	EndGlobalSection
	GlobalSection(ProjectConfigurationPlatforms) = postSolution
		{DF4C3EC2-226F-4B86-A234-AE77D068EB2C}.Debug|Any CPU.ActiveCfg = Debug|Any CPU
		{DF4C3EC2-226F-4B86-A234-AE77D068EB2C}.Debug|Any CPU.Build.0 = Debug|Any CPU
		{DF4C3EC2-226F-4B86-A234-AE77D068EB2C}.Release|Any CPU.ActiveCfg = Release|Any CPU
		{DF4C3EC2-226F-4B86-A234-AE77D068EB2C}.Release|Any CPU.Build.0 = Release|Any CPU
		{8540DEA3-2BF1-439D-BEA9-C6F90600189E}.Debug|Any CPU.ActiveCfg = Debug|Any CPU
		{8540DEA3-2BF1-439D-BEA9-C6F90600189E}.Debug|Any CPU.Build.0 = Debug|Any CPU
		{8540DEA3-2BF1-439D-BEA9-C6F90600189E}.Release|Any CPU.ActiveCfg = Release|Any CPU
		{8540DEA3-2BF1-439D-BEA9-C6F90600189E}.Release|Any CPU.Build.0 = Release|Any CPU
		{B651C163-8C50-426C-A863-A284116D41F5}.Debug|Any CPU.ActiveCfg = Debug|Any CPU
		{B651C163-8C50-426C-A863-A284116D41F5}.Debug|Any CPU.Build.0 = Debug|Any CPU
		{B651C163-8C50-426C-A863-A284116D41F5}.Release|Any CPU.ActiveCfg = Release|Any CPU
		{B651C163-8C50-426C-A863-A284116D41F5}.Release|Any CPU.Build.0 = Release|Any CPU
	EndGlobalSection
	GlobalSection(SolutionProperties) = preSolution
		HideSolutionNode = FALSE
	EndGlobalSection
	GlobalSection(ExtensibilityGlobals) = postSolution
		SolutionGuid = {0DBD5025-97F2-48D2-8FEA-3592C34706BE}
	EndGlobalSection
EndGlobal
